{
  "name": "bimplus-renderer-example",
  "version": "0.0.1",
  "lockfileVersion": 1,
  "requires": true,
  "dependencies": {
    "babel-polyfill": {
      "version": "6.26.0",
      "resolved": "https://registry.npmjs.org/babel-polyfill/-/babel-polyfill-6.26.0.tgz",
      "integrity": "sha1-N5k3q8Z9eJWXCtxiHyhM2WbPIVM=",
      "requires": {
        "babel-runtime": "6.26.0",
        "core-js": "2.5.7",
        "regenerator-runtime": "0.10.5"
      }
    },
    "babel-runtime": {
      "version": "6.26.0",
      "resolved": "https://registry.npmjs.org/babel-runtime/-/babel-runtime-6.26.0.tgz",
      "integrity": "sha1-llxwWGaOgrVde/4E/yM3vItWR/4=",
      "requires": {
        "core-js": "2.5.7",
        "regenerator-runtime": "0.11.1"
      },
      "dependencies": {
        "regenerator-runtime": {
          "version": "0.11.1",
          "resolved": "https://registry.npmjs.org/regenerator-runtime/-/regenerator-runtime-0.11.1.tgz",
          "integrity": "sha512-MguG95oij0fC3QV3URf4V2SDYGJhJnJGqvIIgdECeODCT98wSWDAJ94SSuVpYQUoTcGUIL6L4yNB7j1DFFHSBg=="
        }
      }
    },
    "bimplus-renderer": {
      "version": "0.3.0",
      "resolved": "https://registry.npmjs.org/bimplus-renderer/-/bimplus-renderer-0.3.0.tgz",
      "integrity": "sha512-TCpoL4n/tN0Q4ThjyvIMvnrGE/f/cxJ1TdNDsCQqvinLXQa3mVAP/Q8uV6abqc4ukd1419wr5jpRGuQJcw/Yvw==",
      "dev": true
    },
    "bimplus-webclient": {
      "version": "0.0.1",
      "resolved": "https://registry.npmjs.org/bimplus-webclient/-/bimplus-webclient-0.0.1.tgz",
      "integrity": "sha512-iD2TQEk7gnuT8HxlsJ7xv728EVX32sxIcQoyUeryWL0zO3Op+JJu5ZZPcws5J/LpTRFUo9LJC5IOr9ZbfptBzA==",
      "dev": true,
      "requires": {
        "jquery": "1.12.4"
      },
      "dependencies": {
        "jquery": {
          "version": "1.12.4",
          "resolved": "https://registry.npmjs.org/jquery/-/jquery-1.12.4.tgz",
          "integrity": "sha1-AeHfuikP5z3rp3zurLD5ui/sngw=",
          "dev": true
        }
      }
    },
    "bimplus-websdk": {
      "version": "0.0.67",
      "resolved": "https://registry.npmjs.org/bimplus-websdk/-/bimplus-websdk-0.0.67.tgz",
      "integrity": "sha512-tTDKi0XDwC9hf9nTBIXm0ahRAV8AspO5DXIqtAMGf7dyNUFz5ijg623ZDF17dgLxhsSAFKhBYGKCu8v3DaayHw==",
      "dev": true,
      "requires": {
        "dexie": "2.0.1",
        "jquery": "1.12.4"
      },
      "dependencies": {
        "jquery": {
          "version": "1.12.4",
          "resolved": "https://registry.npmjs.org/jquery/-/jquery-1.12.4.tgz",
          "integrity": "sha1-AeHfuikP5z3rp3zurLD5ui/sngw=",
          "dev": true
        }
      }
    },
    "core-js": {
      "version": "2.5.7",
      "resolved": "https://registry.npmjs.org/core-js/-/core-js-2.5.7.tgz",
      "integrity": "sha512-RszJCAxg/PP6uzXVXL6BsxSXx/B05oJAQ2vkJRjyjrEcNVycaqOmNb5OTxZPE3xa5gwZduqza6L9JOCenh/Ecw=="
    },
    "dexie": {
      "version": "2.0.1",
      "resolved": "https://registry.npmjs.org/dexie/-/dexie-2.0.1.tgz",
      "integrity": "sha1-ptxOYHRhxNpfk0YhkXoqiTmhjpc=",
      "dev": true
    },
    "ie-array-find-polyfill": {
      "version": "1.1.0",
      "resolved": "https://registry.npmjs.org/ie-array-find-polyfill/-/ie-array-find-polyfill-1.1.0.tgz",
      "integrity": "sha1-UHjlM/Amgx2iK9dHZRPZRg1loUI="
    },
    "jquery": {
      "version": "2.2.4",
      "resolved": "https://registry.npmjs.org/jquery/-/jquery-2.2.4.tgz",
      "integrity": "sha1-LInWiJterFIqfuoywUUhVZxsvwI=",
      "dev": true
    },
    "material-design-lite": {
      "version": "1.3.0",
      "resolved": "https://registry.npmjs.org/material-design-lite/-/material-design-lite-1.3.0.tgz",
      "integrity": "sha1-0ATOP+6Zoe63Sni4oyUTSl8RcdM="
    },
    "regenerator-runtime": {
      "version": "0.10.5",
      "resolved": "https://registry.npmjs.org/regenerator-runtime/-/regenerator-runtime-0.10.5.tgz",
      "integrity": "sha1-M2w+/BIgrc7dosn6tntaeVWjNlg="
    },
    "requirejs": {
      "version": "2.0.0",
      "resolved": "https://registry.npmjs.org/requirejs/-/requirejs-2.0.0.tgz",
      "integrity": "sha1-CwC1DJ++ey/I1Qt53wz9TGMpUvI=",
      "dev": true
    }
  }
}
